
Microsoft Visual Studio Solution File, Format Version 12.00
# Visual Studio Version 17
VisualStudioVersion = 17.3.32922.545
MinimumVisualStudioVersion = 10.0.40219.1
Project("{FAE04EC0-301F-11D3-BF4B-00C04F79EFBC}") = "RentACarPlatform", "RentACarPlatform\RentACarPlatform.csproj", "{D561AFA9-65C1-4746-82F7-9824FA44B778}"
EndProject
Project("{FAE04EC0-301F-11D3-BF4B-00C04F79EFBC}") = "RentACarPlatform.Core", "RentACarPlatform.Core\RentACarPlatform.Core.csproj", "{1E0A366B-048B-4B9D-BB67-83B8FF78E3FE}"
EndProject
Project("{FAE04EC0-301F-11D3-BF4B-00C04F79EFBC}") = "RentACarPlatform.Infrastructure", "RentACarPlatform.Infrastructure\RentACarPlatform.Infrastructure.csproj", "{6F8671B6-8CEE-41C4-96BD-A9BF5465B6A2}"
EndProject
Global
	GlobalSection(SolutionConfigurationPlatforms) = preSolution
		Debug|Any CPU = Debug|Any CPU
		Release|Any CPU = Release|Any CPU
	EndGlobalSection
	GlobalSection(ProjectConfigurationPlatforms) = postSolution
		{D561AFA9-65C1-4746-82F7-9824FA44B778}.Debug|Any CPU.ActiveCfg = Debug|Any CPU
		{D561AFA9-65C1-4746-82F7-9824FA44B778}.Debug|Any CPU.Build.0 = Debug|Any CPU
		{D561AFA9-65C1-4746-82F7-9824FA44B778}.Release|Any CPU.ActiveCfg = Release|Any CPU
		{D561AFA9-65C1-4746-82F7-9824FA44B778}.Release|Any CPU.Build.0 = Release|Any CPU
		{1E0A366B-048B-4B9D-BB67-83B8FF78E3FE}.Debug|Any CPU.ActiveCfg = Debug|Any CPU
		{1E0A366B-048B-4B9D-BB67-83B8FF78E3FE}.Debug|Any CPU.Build.0 = Debug|Any CPU
		{1E0A366B-048B-4B9D-BB67-83B8FF78E3FE}.Release|Any CPU.ActiveCfg = Release|Any CPU
		{1E0A366B-048B-4B9D-BB67-83B8FF78E3FE}.Release|Any CPU.Build.0 = Release|Any CPU
		{6F8671B6-8CEE-41C4-96BD-A9BF5465B6A2}.Debug|Any CPU.ActiveCfg = Debug|Any CPU
		{6F8671B6-8CEE-41C4-96BD-A9BF5465B6A2}.Debug|Any CPU.Build.0 = Debug|Any CPU
		{6F8671B6-8CEE-41C4-96BD-A9BF5465B6A2}.Release|Any CPU.ActiveCfg = Release|Any CPU
		{6F8671B6-8CEE-41C4-96BD-A9BF5465B6A2}.Release|Any CPU.Build.0 = Release|Any CPU
	EndGlobalSection
	GlobalSection(SolutionProperties) = preSolution
		HideSolutionNode = FALSE
	EndGlobalSection
	GlobalSection(ExtensibilityGlobals) = postSolution
		SolutionGuid = {FDF46AF5-9549-477F-92F4-621965FA8791}
	EndGlobalSection
EndGlobal
